// !$*UTF8*$!
{
	archiveVersion = 1;
	classes = {
	};
	objectVersion = 46;
	objects = {

/* Begin PBXBuildFile section */
		464975131EAF2375005CFE24 /* AppDelegate.swift in Sources */ = {isa = PBXBuildFile; fileRef = 464975121EAF2375005CFE24 /* AppDelegate.swift */; };
		464975151EAF2375005CFE24 /* LoginViewController.swift in Sources */ = {isa = PBXBuildFile; fileRef = 464975141EAF2375005CFE24 /* LoginViewController.swift */; };
		464975181EAF2375005CFE24 /* Main.storyboard in Resources */ = {isa = PBXBuildFile; fileRef = 464975161EAF2375005CFE24 /* Main.storyboard */; };
		4649751A1EAF2375005CFE24 /* Assets.xcassets in Resources */ = {isa = PBXBuildFile; fileRef = 464975191EAF2375005CFE24 /* Assets.xcassets */; };
		4649751D1EAF2375005CFE24 /* LaunchScreen.storyboard in Resources */ = {isa = PBXBuildFile; fileRef = 4649751B1EAF2375005CFE24 /* LaunchScreen.storyboard */; };
		464975261EAF279C005CFE24 /* TabBarViewController.swift in Sources */ = {isa = PBXBuildFile; fileRef = 464975251EAF279C005CFE24 /* TabBarViewController.swift */; };
		464975281EAF2A11005CFE24 /* RecentBillsTableViewController.swift in Sources */ = {isa = PBXBuildFile; fileRef = 464975271EAF2A11005CFE24 /* RecentBillsTableViewController.swift */; };
		4649752A1EAF2A36005CFE24 /* ComplaintsViewController.swift in Sources */ = {isa = PBXBuildFile; fileRef = 464975291EAF2A36005CFE24 /* ComplaintsViewController.swift */; };
		4649752C1EAF2A64005CFE24 /* DetailsViewController.swift in Sources */ = {isa = PBXBuildFile; fileRef = 4649752B1EAF2A64005CFE24 /* DetailsViewController.swift */; };
		4649757B1EB1A635005CFE24 /* BillRowAddressTableViewCell.swift in Sources */ = {isa = PBXBuildFile; fileRef = 4649757A1EB1A635005CFE24 /* BillRowAddressTableViewCell.swift */; };
		467D214A1EB204A00064EFBF /* CoreLocation.framework in Frameworks */ = {isa = PBXBuildFile; fileRef = 467D21491EB204A00064EFBF /* CoreLocation.framework */; };
		469F36041EBAF753002AF919 /* PowerOutageTableViewCell.swift in Sources */ = {isa = PBXBuildFile; fileRef = 469F36031EBAF753002AF919 /* PowerOutageTableViewCell.swift */; };
		469F36061EBAF8A1002AF919 /* ReportIssueViewController.swift in Sources */ = {isa = PBXBuildFile; fileRef = 469F36051EBAF8A1002AF919 /* ReportIssueViewController.swift */; };
		469F36091EBB16B4002AF919 /* Issue.swift in Sources */ = {isa = PBXBuildFile; fileRef = 469F36081EBB16B4002AF919 /* Issue.swift */; };
		469F360B1EBB2B70002AF919 /* UIView.swift in Sources */ = {isa = PBXBuildFile; fileRef = 469F360A1EBB2B70002AF919 /* UIView.swift */; };
		8256A0BF1EC18975007A22EB /* UITextField.swift in Sources */ = {isa = PBXBuildFile; fileRef = 8256A0BE1EC18975007A22EB /* UITextField.swift */; };
		46DC16AF1EC18B0800F1B77C /* MapViewController.swift in Sources */ = {isa = PBXBuildFile; fileRef = 46DC16AE1EC18B0800F1B77C /* MapViewController.swift */; };
		82AA6B031EB3850200EBE95E /* UIColor.swift in Sources */ = {isa = PBXBuildFile; fileRef = 82AA6B021EB3850200EBE95E /* UIColor.swift */; };
		82AA6B051EB38DF000EBE95E /* UINavigationItem.swift in Sources */ = {isa = PBXBuildFile; fileRef = 82AA6B041EB38DF000EBE95E /* UINavigationItem.swift */; };
		82E03A771EC0EACA000DB75F /* SignUpIntroViewController.swift in Sources */ = {isa = PBXBuildFile; fileRef = 82E03A761EC0EACA000DB75F /* SignUpIntroViewController.swift */; };
		82E03A791EC0ED8C000DB75F /* SignUp.storyboard in Resources */ = {isa = PBXBuildFile; fileRef = 82E03A781EC0ED8C000DB75F /* SignUp.storyboard */; };
		9078565C1EC198430024222B /* Roboto-Black.ttf in Resources */ = {isa = PBXBuildFile; fileRef = 9078564A1EC198430024222B /* Roboto-Black.ttf */; };
		9078565D1EC198430024222B /* Roboto-BlackItalic.ttf in Resources */ = {isa = PBXBuildFile; fileRef = 9078564B1EC198430024222B /* Roboto-BlackItalic.ttf */; };
		9078565E1EC198430024222B /* Roboto-Bold.ttf in Resources */ = {isa = PBXBuildFile; fileRef = 9078564C1EC198430024222B /* Roboto-Bold.ttf */; };
		9078565F1EC198430024222B /* Roboto-BoldItalic.ttf in Resources */ = {isa = PBXBuildFile; fileRef = 9078564D1EC198430024222B /* Roboto-BoldItalic.ttf */; };
		907856601EC198430024222B /* Roboto-Italic.ttf in Resources */ = {isa = PBXBuildFile; fileRef = 9078564E1EC198430024222B /* Roboto-Italic.ttf */; };
		907856611EC198430024222B /* Roboto-Light.ttf in Resources */ = {isa = PBXBuildFile; fileRef = 9078564F1EC198430024222B /* Roboto-Light.ttf */; };
		907856621EC198430024222B /* Roboto-LightItalic.ttf in Resources */ = {isa = PBXBuildFile; fileRef = 907856501EC198430024222B /* Roboto-LightItalic.ttf */; };
		907856631EC198430024222B /* Roboto-Medium.ttf in Resources */ = {isa = PBXBuildFile; fileRef = 907856511EC198430024222B /* Roboto-Medium.ttf */; };
		907856641EC198430024222B /* Roboto-MediumItalic.ttf in Resources */ = {isa = PBXBuildFile; fileRef = 907856521EC198430024222B /* Roboto-MediumItalic.ttf */; };
		907856651EC198430024222B /* Roboto-Regular.ttf in Resources */ = {isa = PBXBuildFile; fileRef = 907856531EC198430024222B /* Roboto-Regular.ttf */; };
		907856661EC198430024222B /* Roboto-Thin.ttf in Resources */ = {isa = PBXBuildFile; fileRef = 907856541EC198430024222B /* Roboto-Thin.ttf */; };
		907856671EC198430024222B /* Roboto-ThinItalic.ttf in Resources */ = {isa = PBXBuildFile; fileRef = 907856551EC198430024222B /* Roboto-ThinItalic.ttf */; };
		907856681EC198430024222B /* RobotoCondensed-Bold.ttf in Resources */ = {isa = PBXBuildFile; fileRef = 907856561EC198430024222B /* RobotoCondensed-Bold.ttf */; };
		907856691EC198430024222B /* RobotoCondensed-BoldItalic.ttf in Resources */ = {isa = PBXBuildFile; fileRef = 907856571EC198430024222B /* RobotoCondensed-BoldItalic.ttf */; };
		9078566A1EC198430024222B /* RobotoCondensed-Italic.ttf in Resources */ = {isa = PBXBuildFile; fileRef = 907856581EC198430024222B /* RobotoCondensed-Italic.ttf */; };
		9078566B1EC198430024222B /* RobotoCondensed-Light.ttf in Resources */ = {isa = PBXBuildFile; fileRef = 907856591EC198430024222B /* RobotoCondensed-Light.ttf */; };
		9078566C1EC198430024222B /* RobotoCondensed-LightItalic.ttf in Resources */ = {isa = PBXBuildFile; fileRef = 9078565A1EC198430024222B /* RobotoCondensed-LightItalic.ttf */; };
		9078566D1EC198440024222B /* RobotoCondensed-Regular.ttf in Resources */ = {isa = PBXBuildFile; fileRef = 9078565B1EC198430024222B /* RobotoCondensed-Regular.ttf */; };
/* End PBXBuildFile section */

/* Begin PBXFileReference section */
		4649750F1EAF2375005CFE24 /* Util POC.app */ = {isa = PBXFileReference; explicitFileType = wrapper.application; includeInIndex = 0; path = "Util POC.app"; sourceTree = BUILT_PRODUCTS_DIR; };
		464975121EAF2375005CFE24 /* AppDelegate.swift */ = {isa = PBXFileReference; lastKnownFileType = sourcecode.swift; path = AppDelegate.swift; sourceTree = "<group>"; };
		464975141EAF2375005CFE24 /* LoginViewController.swift */ = {isa = PBXFileReference; lastKnownFileType = sourcecode.swift; path = LoginViewController.swift; sourceTree = "<group>"; };
		464975171EAF2375005CFE24 /* Base */ = {isa = PBXFileReference; lastKnownFileType = file.storyboard; name = Base; path = Base.lproj/Main.storyboard; sourceTree = "<group>"; };
		464975191EAF2375005CFE24 /* Assets.xcassets */ = {isa = PBXFileReference; lastKnownFileType = folder.assetcatalog; path = Assets.xcassets; sourceTree = "<group>"; };
		4649751C1EAF2375005CFE24 /* Base */ = {isa = PBXFileReference; lastKnownFileType = file.storyboard; name = Base; path = Base.lproj/LaunchScreen.storyboard; sourceTree = "<group>"; };
		4649751E1EAF2375005CFE24 /* Info.plist */ = {isa = PBXFileReference; lastKnownFileType = text.plist.xml; path = Info.plist; sourceTree = "<group>"; };
		464975251EAF279C005CFE24 /* TabBarViewController.swift */ = {isa = PBXFileReference; fileEncoding = 4; lastKnownFileType = sourcecode.swift; path = TabBarViewController.swift; sourceTree = "<group>"; };
		464975271EAF2A11005CFE24 /* RecentBillsTableViewController.swift */ = {isa = PBXFileReference; fileEncoding = 4; lastKnownFileType = sourcecode.swift; path = RecentBillsTableViewController.swift; sourceTree = "<group>"; };
		464975291EAF2A36005CFE24 /* ComplaintsViewController.swift */ = {isa = PBXFileReference; fileEncoding = 4; lastKnownFileType = sourcecode.swift; path = ComplaintsViewController.swift; sourceTree = "<group>"; };
		4649752B1EAF2A64005CFE24 /* DetailsViewController.swift */ = {isa = PBXFileReference; fileEncoding = 4; lastKnownFileType = sourcecode.swift; path = DetailsViewController.swift; sourceTree = "<group>"; };
		4649757A1EB1A635005CFE24 /* BillRowAddressTableViewCell.swift */ = {isa = PBXFileReference; fileEncoding = 4; lastKnownFileType = sourcecode.swift; path = BillRowAddressTableViewCell.swift; sourceTree = "<group>"; };
		467D21491EB204A00064EFBF /* CoreLocation.framework */ = {isa = PBXFileReference; lastKnownFileType = wrapper.framework; name = CoreLocation.framework; path = System/Library/Frameworks/CoreLocation.framework; sourceTree = SDKROOT; };
		469F36031EBAF753002AF919 /* PowerOutageTableViewCell.swift */ = {isa = PBXFileReference; fileEncoding = 4; lastKnownFileType = sourcecode.swift; path = PowerOutageTableViewCell.swift; sourceTree = "<group>"; };
		469F36051EBAF8A1002AF919 /* ReportIssueViewController.swift */ = {isa = PBXFileReference; fileEncoding = 4; lastKnownFileType = sourcecode.swift; path = ReportIssueViewController.swift; sourceTree = "<group>"; };
		469F36081EBB16B4002AF919 /* Issue.swift */ = {isa = PBXFileReference; fileEncoding = 4; lastKnownFileType = sourcecode.swift; path = Issue.swift; sourceTree = "<group>"; };
		469F360A1EBB2B70002AF919 /* UIView.swift */ = {isa = PBXFileReference; fileEncoding = 4; lastKnownFileType = sourcecode.swift; path = UIView.swift; sourceTree = "<group>"; };
		8256A0BE1EC18975007A22EB /* UITextField.swift */ = {isa = PBXFileReference; fileEncoding = 4; lastKnownFileType = sourcecode.swift; path = UITextField.swift; sourceTree = "<group>"; };
		46DC16AE1EC18B0800F1B77C /* MapViewController.swift */ = {isa = PBXFileReference; fileEncoding = 4; lastKnownFileType = sourcecode.swift; path = MapViewController.swift; sourceTree = "<group>"; };
		82AA6B021EB3850200EBE95E /* UIColor.swift */ = {isa = PBXFileReference; fileEncoding = 4; lastKnownFileType = sourcecode.swift; path = UIColor.swift; sourceTree = "<group>"; };
		82AA6B041EB38DF000EBE95E /* UINavigationItem.swift */ = {isa = PBXFileReference; fileEncoding = 4; lastKnownFileType = sourcecode.swift; path = UINavigationItem.swift; sourceTree = "<group>"; };
		82E03A761EC0EACA000DB75F /* SignUpIntroViewController.swift */ = {isa = PBXFileReference; fileEncoding = 4; lastKnownFileType = sourcecode.swift; path = SignUpIntroViewController.swift; sourceTree = "<group>"; };
		82E03A781EC0ED8C000DB75F /* SignUp.storyboard */ = {isa = PBXFileReference; fileEncoding = 4; lastKnownFileType = file.storyboard; path = SignUp.storyboard; sourceTree = "<group>"; };
		9078564A1EC198430024222B /* Roboto-Black.ttf */ = {isa = PBXFileReference; lastKnownFileType = file; path = "Roboto-Black.ttf"; sourceTree = "<group>"; };
		9078564B1EC198430024222B /* Roboto-BlackItalic.ttf */ = {isa = PBXFileReference; lastKnownFileType = file; path = "Roboto-BlackItalic.ttf"; sourceTree = "<group>"; };
		9078564C1EC198430024222B /* Roboto-Bold.ttf */ = {isa = PBXFileReference; lastKnownFileType = file; path = "Roboto-Bold.ttf"; sourceTree = "<group>"; };
		9078564D1EC198430024222B /* Roboto-BoldItalic.ttf */ = {isa = PBXFileReference; lastKnownFileType = file; path = "Roboto-BoldItalic.ttf"; sourceTree = "<group>"; };
		9078564E1EC198430024222B /* Roboto-Italic.ttf */ = {isa = PBXFileReference; lastKnownFileType = file; path = "Roboto-Italic.ttf"; sourceTree = "<group>"; };
		9078564F1EC198430024222B /* Roboto-Light.ttf */ = {isa = PBXFileReference; lastKnownFileType = file; path = "Roboto-Light.ttf"; sourceTree = "<group>"; };
		907856501EC198430024222B /* Roboto-LightItalic.ttf */ = {isa = PBXFileReference; lastKnownFileType = file; path = "Roboto-LightItalic.ttf"; sourceTree = "<group>"; };
		907856511EC198430024222B /* Roboto-Medium.ttf */ = {isa = PBXFileReference; lastKnownFileType = file; path = "Roboto-Medium.ttf"; sourceTree = "<group>"; };
		907856521EC198430024222B /* Roboto-MediumItalic.ttf */ = {isa = PBXFileReference; lastKnownFileType = file; path = "Roboto-MediumItalic.ttf"; sourceTree = "<group>"; };
		907856531EC198430024222B /* Roboto-Regular.ttf */ = {isa = PBXFileReference; lastKnownFileType = file; path = "Roboto-Regular.ttf"; sourceTree = "<group>"; };
		907856541EC198430024222B /* Roboto-Thin.ttf */ = {isa = PBXFileReference; lastKnownFileType = file; path = "Roboto-Thin.ttf"; sourceTree = "<group>"; };
		907856551EC198430024222B /* Roboto-ThinItalic.ttf */ = {isa = PBXFileReference; lastKnownFileType = file; path = "Roboto-ThinItalic.ttf"; sourceTree = "<group>"; };
		907856561EC198430024222B /* RobotoCondensed-Bold.ttf */ = {isa = PBXFileReference; lastKnownFileType = file; path = "RobotoCondensed-Bold.ttf"; sourceTree = "<group>"; };
		907856571EC198430024222B /* RobotoCondensed-BoldItalic.ttf */ = {isa = PBXFileReference; lastKnownFileType = file; path = "RobotoCondensed-BoldItalic.ttf"; sourceTree = "<group>"; };
		907856581EC198430024222B /* RobotoCondensed-Italic.ttf */ = {isa = PBXFileReference; lastKnownFileType = file; path = "RobotoCondensed-Italic.ttf"; sourceTree = "<group>"; };
		907856591EC198430024222B /* RobotoCondensed-Light.ttf */ = {isa = PBXFileReference; lastKnownFileType = file; path = "RobotoCondensed-Light.ttf"; sourceTree = "<group>"; };
		9078565A1EC198430024222B /* RobotoCondensed-LightItalic.ttf */ = {isa = PBXFileReference; lastKnownFileType = file; path = "RobotoCondensed-LightItalic.ttf"; sourceTree = "<group>"; };
		9078565B1EC198430024222B /* RobotoCondensed-Regular.ttf */ = {isa = PBXFileReference; lastKnownFileType = file; path = "RobotoCondensed-Regular.ttf"; sourceTree = "<group>"; };
/* End PBXFileReference section */

/* Begin PBXFrameworksBuildPhase section */
		4649750C1EAF2375005CFE24 /* Frameworks */ = {
			isa = PBXFrameworksBuildPhase;
			buildActionMask = 2147483647;
			files = (
				467D214A1EB204A00064EFBF /* CoreLocation.framework in Frameworks */,
			);
			runOnlyForDeploymentPostprocessing = 0;
		};
/* End PBXFrameworksBuildPhase section */

/* Begin PBXGroup section */
		464975061EAF2375005CFE24 = {
			isa = PBXGroup;
			children = (
				464975111EAF2375005CFE24 /* Util POC */,
				464975101EAF2375005CFE24 /* Products */,
				467D21481EB204A00064EFBF /* Frameworks */,
			);
			sourceTree = "<group>";
		};
		464975101EAF2375005CFE24 /* Products */ = {
			isa = PBXGroup;
			children = (
				4649750F1EAF2375005CFE24 /* Util POC.app */,
			);
			name = Products;
			sourceTree = "<group>";
		};
		464975111EAF2375005CFE24 /* Util POC */ = {
			isa = PBXGroup;
			children = (
				907856481EC198430024222B /* Resources */,
				464975241EAF2578005CFE24 /* Controllers */,
				464975121EAF2375005CFE24 /* AppDelegate.swift */,
				464975161EAF2375005CFE24 /* Main.storyboard */,
				82E03A781EC0ED8C000DB75F /* SignUp.storyboard */,
				464975191EAF2375005CFE24 /* Assets.xcassets */,
				4649751B1EAF2375005CFE24 /* LaunchScreen.storyboard */,
				4649751E1EAF2375005CFE24 /* Info.plist */,
			);
			path = "Util POC";
			sourceTree = "<group>";
		};
		464975241EAF2578005CFE24 /* Controllers */ = {
			isa = PBXGroup;
			children = (
				469F36071EBB168D002AF919 /* Model */,
				82AA6AFE1EB3834F00EBE95E /* Extensions */,
				464975791EB1A60D005CFE24 /* Cells */,
				464975141EAF2375005CFE24 /* LoginViewController.swift */,
				464975251EAF279C005CFE24 /* TabBarViewController.swift */,
				464975271EAF2A11005CFE24 /* RecentBillsTableViewController.swift */,
				464975291EAF2A36005CFE24 /* ComplaintsViewController.swift */,
				4649752B1EAF2A64005CFE24 /* DetailsViewController.swift */,
				469F36051EBAF8A1002AF919 /* ReportIssueViewController.swift */,
				82E03A761EC0EACA000DB75F /* SignUpIntroViewController.swift */,
				46DC16AE1EC18B0800F1B77C /* MapViewController.swift */,
			);
			name = Controllers;
			sourceTree = "<group>";
		};
		464975791EB1A60D005CFE24 /* Cells */ = {
			isa = PBXGroup;
			children = (
				4649757A1EB1A635005CFE24 /* BillRowAddressTableViewCell.swift */,
				469F36031EBAF753002AF919 /* PowerOutageTableViewCell.swift */,
			);
			name = Cells;
			sourceTree = "<group>";
		};
		467D21481EB204A00064EFBF /* Frameworks */ = {
			isa = PBXGroup;
			children = (
				467D21491EB204A00064EFBF /* CoreLocation.framework */,
			);
			name = Frameworks;
			sourceTree = "<group>";
		};
		469F36071EBB168D002AF919 /* Model */ = {
			isa = PBXGroup;
			children = (
				469F36081EBB16B4002AF919 /* Issue.swift */,
			);
			name = Model;
			sourceTree = "<group>";
		};
		82AA6AFE1EB3834F00EBE95E /* Extensions */ = {
			isa = PBXGroup;
			children = (
				82AA6B021EB3850200EBE95E /* UIColor.swift */,
				82AA6B041EB38DF000EBE95E /* UINavigationItem.swift */,
				469F360A1EBB2B70002AF919 /* UIView.swift */,
				8256A0BE1EC18975007A22EB /* UITextField.swift */,
			);
			name = Extensions;
			sourceTree = "<group>";
		};
		907856481EC198430024222B /* Resources */ = {
			isa = PBXGroup;
			children = (
				907856491EC198430024222B /* Roboto-ttf */,
			);
			path = Resources;
			sourceTree = "<group>";
		};
		907856491EC198430024222B /* Roboto-ttf */ = {
			isa = PBXGroup;
			children = (
				9078564A1EC198430024222B /* Roboto-Black.ttf */,
				9078564B1EC198430024222B /* Roboto-BlackItalic.ttf */,
				9078564C1EC198430024222B /* Roboto-Bold.ttf */,
				9078564D1EC198430024222B /* Roboto-BoldItalic.ttf */,
				9078564E1EC198430024222B /* Roboto-Italic.ttf */,
				9078564F1EC198430024222B /* Roboto-Light.ttf */,
				907856501EC198430024222B /* Roboto-LightItalic.ttf */,
				907856511EC198430024222B /* Roboto-Medium.ttf */,
				907856521EC198430024222B /* Roboto-MediumItalic.ttf */,
				907856531EC198430024222B /* Roboto-Regular.ttf */,
				907856541EC198430024222B /* Roboto-Thin.ttf */,
				907856551EC198430024222B /* Roboto-ThinItalic.ttf */,
				907856561EC198430024222B /* RobotoCondensed-Bold.ttf */,
				907856571EC198430024222B /* RobotoCondensed-BoldItalic.ttf */,
				907856581EC198430024222B /* RobotoCondensed-Italic.ttf */,
				907856591EC198430024222B /* RobotoCondensed-Light.ttf */,
				9078565A1EC198430024222B /* RobotoCondensed-LightItalic.ttf */,
				9078565B1EC198430024222B /* RobotoCondensed-Regular.ttf */,
			);
			path = "Roboto-ttf";
			sourceTree = "<group>";
		};
/* End PBXGroup section */

/* Begin PBXNativeTarget section */
		4649750E1EAF2375005CFE24 /* Util POC */ = {
			isa = PBXNativeTarget;
			buildConfigurationList = 464975211EAF2375005CFE24 /* Build configuration list for PBXNativeTarget "Util POC" */;
			buildPhases = (
				4649750B1EAF2375005CFE24 /* Sources */,
				4649750C1EAF2375005CFE24 /* Frameworks */,
				4649750D1EAF2375005CFE24 /* Resources */,
			);
			buildRules = (
			);
			dependencies = (
			);
			name = "Util POC";
			productName = "Util POC";
			productReference = 4649750F1EAF2375005CFE24 /* Util POC.app */;
			productType = "com.apple.product-type.application";
		};
/* End PBXNativeTarget section */

/* Begin PBXProject section */
		464975071EAF2375005CFE24 /* Project object */ = {
			isa = PBXProject;
			attributes = {
				LastSwiftUpdateCheck = 0830;
				LastUpgradeCheck = 0830;
				ORGANIZATIONNAME = "Sridhar, Swaroop (US - Bengaluru)";
				TargetAttributes = {
					4649750E1EAF2375005CFE24 = {
						CreatedOnToolsVersion = 8.3.2;
						DevelopmentTeam = 6LJ9Y6X5NU;
						ProvisioningStyle = Manual;
					};
				};
			};
			buildConfigurationList = 4649750A1EAF2375005CFE24 /* Build configuration list for PBXProject "Util POC" */;
			compatibilityVersion = "Xcode 3.2";
			developmentRegion = English;
			hasScannedForEncodings = 0;
			knownRegions = (
				en,
				Base,
			);
			mainGroup = 464975061EAF2375005CFE24;
			productRefGroup = 464975101EAF2375005CFE24 /* Products */;
			projectDirPath = "";
			projectRoot = "";
			targets = (
				4649750E1EAF2375005CFE24 /* Util POC */,
			);
		};
/* End PBXProject section */

/* Begin PBXResourcesBuildPhase section */
		4649750D1EAF2375005CFE24 /* Resources */ = {
			isa = PBXResourcesBuildPhase;
			buildActionMask = 2147483647;
			files = (
				907856671EC198430024222B /* Roboto-ThinItalic.ttf in Resources */,
				907856661EC198430024222B /* Roboto-Thin.ttf in Resources */,
				9078566C1EC198430024222B /* RobotoCondensed-LightItalic.ttf in Resources */,
				4649751D1EAF2375005CFE24 /* LaunchScreen.storyboard in Resources */,
				4649751A1EAF2375005CFE24 /* Assets.xcassets in Resources */,
				82E03A791EC0ED8C000DB75F /* SignUp.storyboard in Resources */,
				907856691EC198430024222B /* RobotoCondensed-BoldItalic.ttf in Resources */,
				9078566A1EC198430024222B /* RobotoCondensed-Italic.ttf in Resources */,
				907856621EC198430024222B /* Roboto-LightItalic.ttf in Resources */,
				9078565E1EC198430024222B /* Roboto-Bold.ttf in Resources */,
				9078566D1EC198440024222B /* RobotoCondensed-Regular.ttf in Resources */,
				9078566B1EC198430024222B /* RobotoCondensed-Light.ttf in Resources */,
				907856641EC198430024222B /* Roboto-MediumItalic.ttf in Resources */,
				9078565D1EC198430024222B /* Roboto-BlackItalic.ttf in Resources */,
				464975181EAF2375005CFE24 /* Main.storyboard in Resources */,
				907856601EC198430024222B /* Roboto-Italic.ttf in Resources */,
				907856681EC198430024222B /* RobotoCondensed-Bold.ttf in Resources */,
				9078565F1EC198430024222B /* Roboto-BoldItalic.ttf in Resources */,
				907856631EC198430024222B /* Roboto-Medium.ttf in Resources */,
				907856651EC198430024222B /* Roboto-Regular.ttf in Resources */,
				9078565C1EC198430024222B /* Roboto-Black.ttf in Resources */,
				907856611EC198430024222B /* Roboto-Light.ttf in Resources */,
			);
			runOnlyForDeploymentPostprocessing = 0;
		};
/* End PBXResourcesBuildPhase section */

/* Begin PBXSourcesBuildPhase section */
		4649750B1EAF2375005CFE24 /* Sources */ = {
			isa = PBXSourcesBuildPhase;
			buildActionMask = 2147483647;
			files = (
				469F360B1EBB2B70002AF919 /* UIView.swift in Sources */,
				469F36041EBAF753002AF919 /* PowerOutageTableViewCell.swift in Sources */,
				464975151EAF2375005CFE24 /* LoginViewController.swift in Sources */,
				4649752A1EAF2A36005CFE24 /* ComplaintsViewController.swift in Sources */,
				469F36061EBAF8A1002AF919 /* ReportIssueViewController.swift in Sources */,
				464975281EAF2A11005CFE24 /* RecentBillsTableViewController.swift in Sources */,
				82AA6B051EB38DF000EBE95E /* UINavigationItem.swift in Sources */,
				82E03A771EC0EACA000DB75F /* SignUpIntroViewController.swift in Sources */,
				4649757B1EB1A635005CFE24 /* BillRowAddressTableViewCell.swift in Sources */,
				464975261EAF279C005CFE24 /* TabBarViewController.swift in Sources */,
				82AA6B031EB3850200EBE95E /* UIColor.swift in Sources */,
				8256A0BF1EC18975007A22EB /* UITextField.swift in Sources */,
				464975131EAF2375005CFE24 /* AppDelegate.swift in Sources */,
				4649752C1EAF2A64005CFE24 /* DetailsViewController.swift in Sources */,
				46DC16AF1EC18B0800F1B77C /* MapViewController.swift in Sources */,
				469F36091EBB16B4002AF919 /* Issue.swift in Sources */,
			);
			runOnlyForDeploymentPostprocessing = 0;
		};
/* End PBXSourcesBuildPhase section */

/* Begin PBXVariantGroup section */
		464975161EAF2375005CFE24 /* Main.storyboard */ = {
			isa = PBXVariantGroup;
			children = (
				464975171EAF2375005CFE24 /* Base */,
			);
			name = Main.storyboard;
			sourceTree = "<group>";
		};
		4649751B1EAF2375005CFE24 /* LaunchScreen.storyboard */ = {
			isa = PBXVariantGroup;
			children = (
				4649751C1EAF2375005CFE24 /* Base */,
			);
			name = LaunchScreen.storyboard;
			sourceTree = "<group>";
		};
/* End PBXVariantGroup section */

/* Begin XCBuildConfiguration section */
		4649751F1EAF2375005CFE24 /* Debug */ = {
			isa = XCBuildConfiguration;
			buildSettings = {
				ALWAYS_SEARCH_USER_PATHS = NO;
				CLANG_ANALYZER_NONNULL = YES;
				CLANG_ANALYZER_NUMBER_OBJECT_CONVERSION = YES_AGGRESSIVE;
				CLANG_CXX_LANGUAGE_STANDARD = "gnu++0x";
				CLANG_CXX_LIBRARY = "libc++";
				CLANG_ENABLE_MODULES = YES;
				CLANG_ENABLE_OBJC_ARC = YES;
				CLANG_WARN_BOOL_CONVERSION = YES;
				CLANG_WARN_CONSTANT_CONVERSION = YES;
				CLANG_WARN_DIRECT_OBJC_ISA_USAGE = YES_ERROR;
				CLANG_WARN_DOCUMENTATION_COMMENTS = YES;
				CLANG_WARN_EMPTY_BODY = YES;
				CLANG_WARN_ENUM_CONVERSION = YES;
				CLANG_WARN_INFINITE_RECURSION = YES;
				CLANG_WARN_INT_CONVERSION = YES;
				CLANG_WARN_OBJC_ROOT_CLASS = YES_ERROR;
				CLANG_WARN_SUSPICIOUS_MOVE = YES;
				CLANG_WARN_UNREACHABLE_CODE = YES;
				CLANG_WARN__DUPLICATE_METHOD_MATCH = YES;
				"CODE_SIGN_IDENTITY[sdk=iphoneos*]" = "iPhone Developer";
				COPY_PHASE_STRIP = NO;
				DEBUG_INFORMATION_FORMAT = dwarf;
				ENABLE_STRICT_OBJC_MSGSEND = YES;
				ENABLE_TESTABILITY = YES;
				GCC_C_LANGUAGE_STANDARD = gnu99;
				GCC_DYNAMIC_NO_PIC = NO;
				GCC_NO_COMMON_BLOCKS = YES;
				GCC_OPTIMIZATION_LEVEL = 0;
				GCC_PREPROCESSOR_DEFINITIONS = (
					"DEBUG=1",
					"$(inherited)",
				);
				GCC_WARN_64_TO_32_BIT_CONVERSION = YES;
				GCC_WARN_ABOUT_RETURN_TYPE = YES_ERROR;
				GCC_WARN_UNDECLARED_SELECTOR = YES;
				GCC_WARN_UNINITIALIZED_AUTOS = YES_AGGRESSIVE;
				GCC_WARN_UNUSED_FUNCTION = YES;
				GCC_WARN_UNUSED_VARIABLE = YES;
				IPHONEOS_DEPLOYMENT_TARGET = 10.2;
				MTL_ENABLE_DEBUG_INFO = YES;
				ONLY_ACTIVE_ARCH = YES;
				SDKROOT = iphoneos;
				SWIFT_ACTIVE_COMPILATION_CONDITIONS = DEBUG;
				SWIFT_OPTIMIZATION_LEVEL = "-Onone";
			};
			name = Debug;
		};
		464975201EAF2375005CFE24 /* Release */ = {
			isa = XCBuildConfiguration;
			buildSettings = {
				ALWAYS_SEARCH_USER_PATHS = NO;
				CLANG_ANALYZER_NONNULL = YES;
				CLANG_ANALYZER_NUMBER_OBJECT_CONVERSION = YES_AGGRESSIVE;
				CLANG_CXX_LANGUAGE_STANDARD = "gnu++0x";
				CLANG_CXX_LIBRARY = "libc++";
				CLANG_ENABLE_MODULES = YES;
				CLANG_ENABLE_OBJC_ARC = YES;
				CLANG_WARN_BOOL_CONVERSION = YES;
				CLANG_WARN_CONSTANT_CONVERSION = YES;
				CLANG_WARN_DIRECT_OBJC_ISA_USAGE = YES_ERROR;
				CLANG_WARN_DOCUMENTATION_COMMENTS = YES;
				CLANG_WARN_EMPTY_BODY = YES;
				CLANG_WARN_ENUM_CONVERSION = YES;
				CLANG_WARN_INFINITE_RECURSION = YES;
				CLANG_WARN_INT_CONVERSION = YES;
				CLANG_WARN_OBJC_ROOT_CLASS = YES_ERROR;
				CLANG_WARN_SUSPICIOUS_MOVE = YES;
				CLANG_WARN_UNREACHABLE_CODE = YES;
				CLANG_WARN__DUPLICATE_METHOD_MATCH = YES;
				"CODE_SIGN_IDENTITY[sdk=iphoneos*]" = "iPhone Developer";
				COPY_PHASE_STRIP = NO;
				DEBUG_INFORMATION_FORMAT = "dwarf-with-dsym";
				ENABLE_NS_ASSERTIONS = NO;
				ENABLE_STRICT_OBJC_MSGSEND = YES;
				GCC_C_LANGUAGE_STANDARD = gnu99;
				GCC_NO_COMMON_BLOCKS = YES;
				GCC_WARN_64_TO_32_BIT_CONVERSION = YES;
				GCC_WARN_ABOUT_RETURN_TYPE = YES_ERROR;
				GCC_WARN_UNDECLARED_SELECTOR = YES;
				GCC_WARN_UNINITIALIZED_AUTOS = YES_AGGRESSIVE;
				GCC_WARN_UNUSED_FUNCTION = YES;
				GCC_WARN_UNUSED_VARIABLE = YES;
				IPHONEOS_DEPLOYMENT_TARGET = 10.2;
				MTL_ENABLE_DEBUG_INFO = NO;
				SDKROOT = iphoneos;
				SWIFT_OPTIMIZATION_LEVEL = "-Owholemodule";
				VALIDATE_PRODUCT = YES;
			};
			name = Release;
		};
		464975221EAF2375005CFE24 /* Debug */ = {
			isa = XCBuildConfiguration;
			buildSettings = {
				ASSETCATALOG_COMPILER_APPICON_NAME = AppIcon;
				DEVELOPMENT_TEAM = 6LJ9Y6X5NU;
				INFOPLIST_FILE = "Util POC/Info.plist";
				IPHONEOS_DEPLOYMENT_TARGET = 10.1;
				LD_RUNPATH_SEARCH_PATHS = "$(inherited) @executable_path/Frameworks";
				PRODUCT_BUNDLE_IDENTIFIER = com.deloitte.pushsample;
				PRODUCT_NAME = "$(TARGET_NAME)";
				PROVISIONING_PROFILE = "a9ebc497-025b-46f4-a12c-81f5a3799d78";
				PROVISIONING_PROFILE_SPECIFIER = "Push Sample App Certificate";
				SWIFT_VERSION = 3.0;
			};
			name = Debug;
		};
		464975231EAF2375005CFE24 /* Release */ = {
			isa = XCBuildConfiguration;
			buildSettings = {
				ASSETCATALOG_COMPILER_APPICON_NAME = AppIcon;
				DEVELOPMENT_TEAM = 6LJ9Y6X5NU;
				INFOPLIST_FILE = "Util POC/Info.plist";
				IPHONEOS_DEPLOYMENT_TARGET = 10.1;
				LD_RUNPATH_SEARCH_PATHS = "$(inherited) @executable_path/Frameworks";
				PRODUCT_BUNDLE_IDENTIFIER = com.deloitte.pushsample;
				PRODUCT_NAME = "$(TARGET_NAME)";
				PROVISIONING_PROFILE = "a9ebc497-025b-46f4-a12c-81f5a3799d78";
				PROVISIONING_PROFILE_SPECIFIER = "Push Sample App Certificate";
				SWIFT_VERSION = 3.0;
			};
			name = Release;
		};
/* End XCBuildConfiguration section */

/* Begin XCConfigurationList section */
		4649750A1EAF2375005CFE24 /* Build configuration list for PBXProject "Util POC" */ = {
			isa = XCConfigurationList;
			buildConfigurations = (
				4649751F1EAF2375005CFE24 /* Debug */,
				464975201EAF2375005CFE24 /* Release */,
			);
			defaultConfigurationIsVisible = 0;
			defaultConfigurationName = Release;
		};
		464975211EAF2375005CFE24 /* Build configuration list for PBXNativeTarget "Util POC" */ = {
			isa = XCConfigurationList;
			buildConfigurations = (
				464975221EAF2375005CFE24 /* Debug */,
				464975231EAF2375005CFE24 /* Release */,
			);
			defaultConfigurationIsVisible = 0;
			defaultConfigurationName = Release;
		};
/* End XCConfigurationList section */
	};
	rootObject = 464975071EAF2375005CFE24 /* Project object */;
}
