// !$*UTF8*$!
{
	archiveVersion = 1;
	classes = {
	};
	objectVersion = 46;
	objects = {

/* Begin PBXBuildFile section */
		4649751A1EAF2375005CFE24 /* Assets.xcassets in Resources */ = {isa = PBXBuildFile; fileRef = 464975191EAF2375005CFE24 /* Assets.xcassets */; };
		467D214A1EB204A00064EFBF /* CoreLocation.framework in Frameworks */ = {isa = PBXBuildFile; fileRef = 467D21491EB204A00064EFBF /* CoreLocation.framework */; };
		9013B78D1EEFDD6F00EEBD8D /* AccountDetailsService.swift in Sources */ = {isa = PBXBuildFile; fileRef = 9013B78C1EEFDD6F00EEBD8D /* AccountDetailsService.swift */; };
		9013B78F1EEFECCE00EEBD8D /* ReverseGeocode.swift in Sources */ = {isa = PBXBuildFile; fileRef = 9013B78E1EEFECCE00EEBD8D /* ReverseGeocode.swift */; };
		9013B7911EF125FB00EEBD8D /* AccountDetails.swift in Sources */ = {isa = PBXBuildFile; fileRef = 9013B7901EF125FB00EEBD8D /* AccountDetails.swift */; };
		9021788E1F051D5700EA46BE /* URLConstants.swift in Sources */ = {isa = PBXBuildFile; fileRef = 9021788D1F051D5700EA46BE /* URLConstants.swift */; };
		9063CA7B1F03FF730060F08B /* AuthenticationService.swift in Sources */ = {isa = PBXBuildFile; fileRef = 9063CA7A1F03FF730060F08B /* AuthenticationService.swift */; };
		9077E0311ED7E912001693D9 /* LaunchScreen.storyboard in Resources */ = {isa = PBXBuildFile; fileRef = 9077E02F1ED7E912001693D9 /* LaunchScreen.storyboard */; };
		9077E0321ED7E912001693D9 /* Main.storyboard in Resources */ = {isa = PBXBuildFile; fileRef = 9077E0301ED7E912001693D9 /* Main.storyboard */; };
		9077E0371ED7EA68001693D9 /* Bill.swift in Sources */ = {isa = PBXBuildFile; fileRef = 9077E0341ED7EA68001693D9 /* Bill.swift */; };
		9077E0381ED7EA68001693D9 /* Issue.swift in Sources */ = {isa = PBXBuildFile; fileRef = 9077E0351ED7EA68001693D9 /* Issue.swift */; };
		9077E0391ED7EA68001693D9 /* Service.swift in Sources */ = {isa = PBXBuildFile; fileRef = 9077E0361ED7EA68001693D9 /* Service.swift */; };
		9077E03C1ED7FD10001693D9 /* NetworkManager.swift in Sources */ = {isa = PBXBuildFile; fileRef = 9077E03B1ED7FD10001693D9 /* NetworkManager.swift */; };
		9077E03E1ED7FD37001693D9 /* Task.swift in Sources */ = {isa = PBXBuildFile; fileRef = 9077E03D1ED7FD37001693D9 /* Task.swift */; };
		9077E0411ED83820001693D9 /* OutageHistoryService.swift in Sources */ = {isa = PBXBuildFile; fileRef = 9077E0401ED83820001693D9 /* OutageHistoryService.swift */; };
		9077E0641EE01574001693D9 /* URLRequest.swift in Sources */ = {isa = PBXBuildFile; fileRef = 9077E0631EE01574001693D9 /* URLRequest.swift */; };
		9077E0661EE02258001693D9 /* CreateIssueService.swift in Sources */ = {isa = PBXBuildFile; fileRef = 9077E0651EE02258001693D9 /* CreateIssueService.swift */; };
		909278A81ED6F61400B1CC7D /* AppDelegate.swift in Sources */ = {isa = PBXBuildFile; fileRef = 9092786E1ED6F61400B1CC7D /* AppDelegate.swift */; };
		909278A91ED6F61400B1CC7D /* UIColor.swift in Sources */ = {isa = PBXBuildFile; fileRef = 909278701ED6F61400B1CC7D /* UIColor.swift */; };
		909278AA1ED6F61400B1CC7D /* UINavigationItem.swift in Sources */ = {isa = PBXBuildFile; fileRef = 909278711ED6F61400B1CC7D /* UINavigationItem.swift */; };
		909278AB1ED6F61400B1CC7D /* UITextField.swift in Sources */ = {isa = PBXBuildFile; fileRef = 909278721ED6F61400B1CC7D /* UITextField.swift */; };
		909278AC1ED6F61400B1CC7D /* UIView.swift in Sources */ = {isa = PBXBuildFile; fileRef = 909278731ED6F61400B1CC7D /* UIView.swift */; };
		909278B01ED6F61400B1CC7D /* Roboto-Black.ttf in Resources */ = {isa = PBXBuildFile; fileRef = 9092787A1ED6F61400B1CC7D /* Roboto-Black.ttf */; };
		909278B11ED6F61400B1CC7D /* Roboto-BlackItalic.ttf in Resources */ = {isa = PBXBuildFile; fileRef = 9092787B1ED6F61400B1CC7D /* Roboto-BlackItalic.ttf */; };
		909278B21ED6F61400B1CC7D /* Roboto-Bold.ttf in Resources */ = {isa = PBXBuildFile; fileRef = 9092787C1ED6F61400B1CC7D /* Roboto-Bold.ttf */; };
		909278B31ED6F61400B1CC7D /* Roboto-BoldItalic.ttf in Resources */ = {isa = PBXBuildFile; fileRef = 9092787D1ED6F61400B1CC7D /* Roboto-BoldItalic.ttf */; };
		909278B41ED6F61400B1CC7D /* Roboto-Italic.ttf in Resources */ = {isa = PBXBuildFile; fileRef = 9092787E1ED6F61400B1CC7D /* Roboto-Italic.ttf */; };
		909278B51ED6F61400B1CC7D /* Roboto-Light.ttf in Resources */ = {isa = PBXBuildFile; fileRef = 9092787F1ED6F61400B1CC7D /* Roboto-Light.ttf */; };
		909278B61ED6F61400B1CC7D /* Roboto-LightItalic.ttf in Resources */ = {isa = PBXBuildFile; fileRef = 909278801ED6F61400B1CC7D /* Roboto-LightItalic.ttf */; };
		909278B71ED6F61400B1CC7D /* Roboto-Medium.ttf in Resources */ = {isa = PBXBuildFile; fileRef = 909278811ED6F61400B1CC7D /* Roboto-Medium.ttf */; };
		909278B81ED6F61400B1CC7D /* Roboto-MediumItalic.ttf in Resources */ = {isa = PBXBuildFile; fileRef = 909278821ED6F61400B1CC7D /* Roboto-MediumItalic.ttf */; };
		909278B91ED6F61400B1CC7D /* Roboto-Regular.ttf in Resources */ = {isa = PBXBuildFile; fileRef = 909278831ED6F61400B1CC7D /* Roboto-Regular.ttf */; };
		909278BA1ED6F61400B1CC7D /* Roboto-Thin.ttf in Resources */ = {isa = PBXBuildFile; fileRef = 909278841ED6F61400B1CC7D /* Roboto-Thin.ttf */; };
		909278BB1ED6F61400B1CC7D /* Roboto-ThinItalic.ttf in Resources */ = {isa = PBXBuildFile; fileRef = 909278851ED6F61400B1CC7D /* Roboto-ThinItalic.ttf */; };
		909278BC1ED6F61400B1CC7D /* RobotoCondensed-Bold.ttf in Resources */ = {isa = PBXBuildFile; fileRef = 909278861ED6F61400B1CC7D /* RobotoCondensed-Bold.ttf */; };
		909278BD1ED6F61400B1CC7D /* RobotoCondensed-BoldItalic.ttf in Resources */ = {isa = PBXBuildFile; fileRef = 909278871ED6F61400B1CC7D /* RobotoCondensed-BoldItalic.ttf */; };
		909278BE1ED6F61400B1CC7D /* RobotoCondensed-Italic.ttf in Resources */ = {isa = PBXBuildFile; fileRef = 909278881ED6F61400B1CC7D /* RobotoCondensed-Italic.ttf */; };
		909278BF1ED6F61400B1CC7D /* RobotoCondensed-Light.ttf in Resources */ = {isa = PBXBuildFile; fileRef = 909278891ED6F61400B1CC7D /* RobotoCondensed-Light.ttf */; };
		909278C01ED6F61400B1CC7D /* RobotoCondensed-LightItalic.ttf in Resources */ = {isa = PBXBuildFile; fileRef = 9092788A1ED6F61400B1CC7D /* RobotoCondensed-LightItalic.ttf */; };
		909278C11ED6F61400B1CC7D /* RobotoCondensed-Regular.ttf in Resources */ = {isa = PBXBuildFile; fileRef = 9092788B1ED6F61400B1CC7D /* RobotoCondensed-Regular.ttf */; };
		909278C21ED6F61400B1CC7D /* Generic.storyboard in Resources */ = {isa = PBXBuildFile; fileRef = 9092788D1ED6F61400B1CC7D /* Generic.storyboard */; };
		909278C31ED6F61400B1CC7D /* SignUp.storyboard in Resources */ = {isa = PBXBuildFile; fileRef = 9092788E1ED6F61400B1CC7D /* SignUp.storyboard */; };
		909278C41ED6F61400B1CC7D /* BillAddressDetailslTableViewCell.swift in Sources */ = {isa = PBXBuildFile; fileRef = 909278901ED6F61400B1CC7D /* BillAddressDetailslTableViewCell.swift */; };
		909278C51ED6F61400B1CC7D /* BillRowAddressTableViewCell.swift in Sources */ = {isa = PBXBuildFile; fileRef = 909278911ED6F61400B1CC7D /* BillRowAddressTableViewCell.swift */; };
		909278C61ED6F61400B1CC7D /* BillTableViewCell.swift in Sources */ = {isa = PBXBuildFile; fileRef = 909278921ED6F61400B1CC7D /* BillTableViewCell.swift */; };
		909278C71ED6F61400B1CC7D /* ConsumptionTableViewCell.swift in Sources */ = {isa = PBXBuildFile; fileRef = 909278931ED6F61400B1CC7D /* ConsumptionTableViewCell.swift */; };
		909278C81ED6F61400B1CC7D /* PlanDetailsTableViewCell.swift in Sources */ = {isa = PBXBuildFile; fileRef = 909278941ED6F61400B1CC7D /* PlanDetailsTableViewCell.swift */; };
		909278C91ED6F61400B1CC7D /* PowerOutageTableViewCell.swift in Sources */ = {isa = PBXBuildFile; fileRef = 909278951ED6F61400B1CC7D /* PowerOutageTableViewCell.swift */; };
		909278CA1ED6F61400B1CC7D /* RecentBillsTotalAmountTableViewCell.swift in Sources */ = {isa = PBXBuildFile; fileRef = 909278961ED6F61400B1CC7D /* RecentBillsTotalAmountTableViewCell.swift */; };
		909278CB1ED6F61400B1CC7D /* SignupServicesTableViewCell.swift in Sources */ = {isa = PBXBuildFile; fileRef = 909278971ED6F61400B1CC7D /* SignupServicesTableViewCell.swift */; };
		909278CC1ED6F61400B1CC7D /* BillDetailViewController.swift in Sources */ = {isa = PBXBuildFile; fileRef = 909278991ED6F61400B1CC7D /* BillDetailViewController.swift */; };
		909278CD1ED6F61400B1CC7D /* ComplaintsViewController.swift in Sources */ = {isa = PBXBuildFile; fileRef = 9092789A1ED6F61400B1CC7D /* ComplaintsViewController.swift */; };
		909278CE1ED6F61400B1CC7D /* CustomAlertViewController.swift in Sources */ = {isa = PBXBuildFile; fileRef = 9092789B1ED6F61400B1CC7D /* CustomAlertViewController.swift */; };
		909278CF1ED6F61400B1CC7D /* DetailsViewController.swift in Sources */ = {isa = PBXBuildFile; fileRef = 9092789C1ED6F61400B1CC7D /* DetailsViewController.swift */; };
		909278D01ED6F61400B1CC7D /* LoginViewController.swift in Sources */ = {isa = PBXBuildFile; fileRef = 9092789D1ED6F61400B1CC7D /* LoginViewController.swift */; };
		909278D11ED6F61400B1CC7D /* MapViewController.swift in Sources */ = {isa = PBXBuildFile; fileRef = 9092789E1ED6F61400B1CC7D /* MapViewController.swift */; };
		909278D21ED6F61400B1CC7D /* PayForAnotherTableViewController.swift in Sources */ = {isa = PBXBuildFile; fileRef = 9092789F1ED6F61400B1CC7D /* PayForAnotherTableViewController.swift */; };
		909278D31ED6F61400B1CC7D /* RecentBillsTableViewController.swift in Sources */ = {isa = PBXBuildFile; fileRef = 909278A01ED6F61400B1CC7D /* RecentBillsTableViewController.swift */; };
		909278D41ED6F61400B1CC7D /* ReportIssueViewController.swift in Sources */ = {isa = PBXBuildFile; fileRef = 909278A11ED6F61400B1CC7D /* ReportIssueViewController.swift */; };
		909278D51ED6F61400B1CC7D /* SignupAddressServicesViewController.swift in Sources */ = {isa = PBXBuildFile; fileRef = 909278A21ED6F61400B1CC7D /* SignupAddressServicesViewController.swift */; };
		909278D61ED6F61400B1CC7D /* SignUpAddressViewController.swift in Sources */ = {isa = PBXBuildFile; fileRef = 909278A31ED6F61400B1CC7D /* SignUpAddressViewController.swift */; };
		909278D71ED6F61400B1CC7D /* SignUpIntroViewController.swift in Sources */ = {isa = PBXBuildFile; fileRef = 909278A41ED6F61400B1CC7D /* SignUpIntroViewController.swift */; };
		909278D81ED6F61400B1CC7D /* SignUpPasswordViewController.swift in Sources */ = {isa = PBXBuildFile; fileRef = 909278A51ED6F61400B1CC7D /* SignUpPasswordViewController.swift */; };
		909278D91ED6F61400B1CC7D /* SignUpPersonalDetailsViewController.swift in Sources */ = {isa = PBXBuildFile; fileRef = 909278A61ED6F61400B1CC7D /* SignUpPersonalDetailsViewController.swift */; };
		909278DA1ED6F61400B1CC7D /* TabBarViewController.swift in Sources */ = {isa = PBXBuildFile; fileRef = 909278A71ED6F61400B1CC7D /* TabBarViewController.swift */; };
		90D88FB31EEA8C5D00064AF6 /* LoadingViewController.swift in Sources */ = {isa = PBXBuildFile; fileRef = 90D88FB21EEA8C5D00064AF6 /* LoadingViewController.swift */; };
		90D94CD61EE6B22E007F05C2 /* Outage.swift in Sources */ = {isa = PBXBuildFile; fileRef = 90D94CD51EE6B22E007F05C2 /* Outage.swift */; };
		90D94CDA1EE7F597007F05C2 /* NSdate.swift in Sources */ = {isa = PBXBuildFile; fileRef = 90D94CD91EE7F597007F05C2 /* NSdate.swift */; };
		90D94CDC1EE7F5FB007F05C2 /* String.swift in Sources */ = {isa = PBXBuildFile; fileRef = 90D94CDB1EE7F5FB007F05C2 /* String.swift */; };
		90D94CDE1EE804E6007F05C2 /* Utils.swift in Sources */ = {isa = PBXBuildFile; fileRef = 90D94CDD1EE804E6007F05C2 /* Utils.swift */; };
/* End PBXBuildFile section */

/* Begin PBXFileReference section */
		4649750F1EAF2375005CFE24 /* Util POC.app */ = {isa = PBXFileReference; explicitFileType = wrapper.application; includeInIndex = 0; path = "Util POC.app"; sourceTree = BUILT_PRODUCTS_DIR; };
		464975191EAF2375005CFE24 /* Assets.xcassets */ = {isa = PBXFileReference; lastKnownFileType = folder.assetcatalog; path = Assets.xcassets; sourceTree = "<group>"; };
		4649751E1EAF2375005CFE24 /* Info.plist */ = {isa = PBXFileReference; lastKnownFileType = text.plist.xml; path = Info.plist; sourceTree = "<group>"; };
		467D21491EB204A00064EFBF /* CoreLocation.framework */ = {isa = PBXFileReference; lastKnownFileType = wrapper.framework; name = CoreLocation.framework; path = System/Library/Frameworks/CoreLocation.framework; sourceTree = SDKROOT; };
		9013B78C1EEFDD6F00EEBD8D /* AccountDetailsService.swift */ = {isa = PBXFileReference; fileEncoding = 4; lastKnownFileType = sourcecode.swift; path = AccountDetailsService.swift; sourceTree = "<group>"; };
		9013B78E1EEFECCE00EEBD8D /* ReverseGeocode.swift */ = {isa = PBXFileReference; fileEncoding = 4; lastKnownFileType = sourcecode.swift; path = ReverseGeocode.swift; sourceTree = "<group>"; };
		9013B7901EF125FB00EEBD8D /* AccountDetails.swift */ = {isa = PBXFileReference; fileEncoding = 4; lastKnownFileType = sourcecode.swift; path = AccountDetails.swift; sourceTree = "<group>"; };
		9021788D1F051D5700EA46BE /* URLConstants.swift */ = {isa = PBXFileReference; fileEncoding = 4; lastKnownFileType = sourcecode.swift; path = URLConstants.swift; sourceTree = "<group>"; };
		9063CA7A1F03FF730060F08B /* AuthenticationService.swift */ = {isa = PBXFileReference; fileEncoding = 4; lastKnownFileType = sourcecode.swift; path = AuthenticationService.swift; sourceTree = "<group>"; };
		9077E02F1ED7E912001693D9 /* LaunchScreen.storyboard */ = {isa = PBXFileReference; fileEncoding = 4; lastKnownFileType = file.storyboard; path = LaunchScreen.storyboard; sourceTree = "<group>"; };
		9077E0301ED7E912001693D9 /* Main.storyboard */ = {isa = PBXFileReference; fileEncoding = 4; lastKnownFileType = file.storyboard; path = Main.storyboard; sourceTree = "<group>"; };
		9077E0341ED7EA68001693D9 /* Bill.swift */ = {isa = PBXFileReference; fileEncoding = 4; lastKnownFileType = sourcecode.swift; path = Bill.swift; sourceTree = "<group>"; };
		9077E0351ED7EA68001693D9 /* Issue.swift */ = {isa = PBXFileReference; fileEncoding = 4; lastKnownFileType = sourcecode.swift; path = Issue.swift; sourceTree = "<group>"; };
		9077E0361ED7EA68001693D9 /* Service.swift */ = {isa = PBXFileReference; fileEncoding = 4; lastKnownFileType = sourcecode.swift; path = Service.swift; sourceTree = "<group>"; };
		9077E03B1ED7FD10001693D9 /* NetworkManager.swift */ = {isa = PBXFileReference; fileEncoding = 4; lastKnownFileType = sourcecode.swift; path = NetworkManager.swift; sourceTree = "<group>"; };
		9077E03D1ED7FD37001693D9 /* Task.swift */ = {isa = PBXFileReference; fileEncoding = 4; lastKnownFileType = sourcecode.swift; path = Task.swift; sourceTree = "<group>"; };
		9077E0401ED83820001693D9 /* OutageHistoryService.swift */ = {isa = PBXFileReference; fileEncoding = 4; lastKnownFileType = sourcecode.swift; path = OutageHistoryService.swift; sourceTree = "<group>"; };
		9077E0631EE01574001693D9 /* URLRequest.swift */ = {isa = PBXFileReference; fileEncoding = 4; lastKnownFileType = sourcecode.swift; path = URLRequest.swift; sourceTree = "<group>"; };
		9077E0651EE02258001693D9 /* CreateIssueService.swift */ = {isa = PBXFileReference; fileEncoding = 4; lastKnownFileType = sourcecode.swift; path = CreateIssueService.swift; sourceTree = "<group>"; };
		9092786E1ED6F61400B1CC7D /* AppDelegate.swift */ = {isa = PBXFileReference; fileEncoding = 4; lastKnownFileType = sourcecode.swift; path = AppDelegate.swift; sourceTree = "<group>"; };
		909278701ED6F61400B1CC7D /* UIColor.swift */ = {isa = PBXFileReference; fileEncoding = 4; lastKnownFileType = sourcecode.swift; path = UIColor.swift; sourceTree = "<group>"; };
		909278711ED6F61400B1CC7D /* UINavigationItem.swift */ = {isa = PBXFileReference; fileEncoding = 4; lastKnownFileType = sourcecode.swift; path = UINavigationItem.swift; sourceTree = "<group>"; };
		909278721ED6F61400B1CC7D /* UITextField.swift */ = {isa = PBXFileReference; fileEncoding = 4; lastKnownFileType = sourcecode.swift; path = UITextField.swift; sourceTree = "<group>"; };
		909278731ED6F61400B1CC7D /* UIView.swift */ = {isa = PBXFileReference; fileEncoding = 4; lastKnownFileType = sourcecode.swift; path = UIView.swift; sourceTree = "<group>"; };
		9092787A1ED6F61400B1CC7D /* Roboto-Black.ttf */ = {isa = PBXFileReference; lastKnownFileType = file; path = "Roboto-Black.ttf"; sourceTree = "<group>"; };
		9092787B1ED6F61400B1CC7D /* Roboto-BlackItalic.ttf */ = {isa = PBXFileReference; lastKnownFileType = file; path = "Roboto-BlackItalic.ttf"; sourceTree = "<group>"; };
		9092787C1ED6F61400B1CC7D /* Roboto-Bold.ttf */ = {isa = PBXFileReference; lastKnownFileType = file; path = "Roboto-Bold.ttf"; sourceTree = "<group>"; };
		9092787D1ED6F61400B1CC7D /* Roboto-BoldItalic.ttf */ = {isa = PBXFileReference; lastKnownFileType = file; path = "Roboto-BoldItalic.ttf"; sourceTree = "<group>"; };
		9092787E1ED6F61400B1CC7D /* Roboto-Italic.ttf */ = {isa = PBXFileReference; lastKnownFileType = file; path = "Roboto-Italic.ttf"; sourceTree = "<group>"; };
		9092787F1ED6F61400B1CC7D /* Roboto-Light.ttf */ = {isa = PBXFileReference; lastKnownFileType = file; path = "Roboto-Light.ttf"; sourceTree = "<group>"; };
		909278801ED6F61400B1CC7D /* Roboto-LightItalic.ttf */ = {isa = PBXFileReference; lastKnownFileType = file; path = "Roboto-LightItalic.ttf"; sourceTree = "<group>"; };
		909278811ED6F61400B1CC7D /* Roboto-Medium.ttf */ = {isa = PBXFileReference; lastKnownFileType = file; path = "Roboto-Medium.ttf"; sourceTree = "<group>"; };
		909278821ED6F61400B1CC7D /* Roboto-MediumItalic.ttf */ = {isa = PBXFileReference; lastKnownFileType = file; path = "Roboto-MediumItalic.ttf"; sourceTree = "<group>"; };
		909278831ED6F61400B1CC7D /* Roboto-Regular.ttf */ = {isa = PBXFileReference; lastKnownFileType = file; path = "Roboto-Regular.ttf"; sourceTree = "<group>"; };
		909278841ED6F61400B1CC7D /* Roboto-Thin.ttf */ = {isa = PBXFileReference; lastKnownFileType = file; path = "Roboto-Thin.ttf"; sourceTree = "<group>"; };
		909278851ED6F61400B1CC7D /* Roboto-ThinItalic.ttf */ = {isa = PBXFileReference; lastKnownFileType = file; path = "Roboto-ThinItalic.ttf"; sourceTree = "<group>"; };
		909278861ED6F61400B1CC7D /* RobotoCondensed-Bold.ttf */ = {isa = PBXFileReference; lastKnownFileType = file; path = "RobotoCondensed-Bold.ttf"; sourceTree = "<group>"; };
		909278871ED6F61400B1CC7D /* RobotoCondensed-BoldItalic.ttf */ = {isa = PBXFileReference; lastKnownFileType = file; path = "RobotoCondensed-BoldItalic.ttf"; sourceTree = "<group>"; };
		909278881ED6F61400B1CC7D /* RobotoCondensed-Italic.ttf */ = {isa = PBXFileReference; lastKnownFileType = file; path = "RobotoCondensed-Italic.ttf"; sourceTree = "<group>"; };
		909278891ED6F61400B1CC7D /* RobotoCondensed-Light.ttf */ = {isa = PBXFileReference; lastKnownFileType = file; path = "RobotoCondensed-Light.ttf"; sourceTree = "<group>"; };
		9092788A1ED6F61400B1CC7D /* RobotoCondensed-LightItalic.ttf */ = {isa = PBXFileReference; lastKnownFileType = file; path = "RobotoCondensed-LightItalic.ttf"; sourceTree = "<group>"; };
		9092788B1ED6F61400B1CC7D /* RobotoCondensed-Regular.ttf */ = {isa = PBXFileReference; lastKnownFileType = file; path = "RobotoCondensed-Regular.ttf"; sourceTree = "<group>"; };
		9092788D1ED6F61400B1CC7D /* Generic.storyboard */ = {isa = PBXFileReference; fileEncoding = 4; lastKnownFileType = file.storyboard; path = Generic.storyboard; sourceTree = "<group>"; };
		9092788E1ED6F61400B1CC7D /* SignUp.storyboard */ = {isa = PBXFileReference; fileEncoding = 4; lastKnownFileType = file.storyboard; path = SignUp.storyboard; sourceTree = "<group>"; };
		909278901ED6F61400B1CC7D /* BillAddressDetailslTableViewCell.swift */ = {isa = PBXFileReference; fileEncoding = 4; lastKnownFileType = sourcecode.swift; path = BillAddressDetailslTableViewCell.swift; sourceTree = "<group>"; };
		909278911ED6F61400B1CC7D /* BillRowAddressTableViewCell.swift */ = {isa = PBXFileReference; fileEncoding = 4; lastKnownFileType = sourcecode.swift; path = BillRowAddressTableViewCell.swift; sourceTree = "<group>"; };
		909278921ED6F61400B1CC7D /* BillTableViewCell.swift */ = {isa = PBXFileReference; fileEncoding = 4; lastKnownFileType = sourcecode.swift; path = BillTableViewCell.swift; sourceTree = "<group>"; };
		909278931ED6F61400B1CC7D /* ConsumptionTableViewCell.swift */ = {isa = PBXFileReference; fileEncoding = 4; lastKnownFileType = sourcecode.swift; path = ConsumptionTableViewCell.swift; sourceTree = "<group>"; };
		909278941ED6F61400B1CC7D /* PlanDetailsTableViewCell.swift */ = {isa = PBXFileReference; fileEncoding = 4; lastKnownFileType = sourcecode.swift; path = PlanDetailsTableViewCell.swift; sourceTree = "<group>"; };
		909278951ED6F61400B1CC7D /* PowerOutageTableViewCell.swift */ = {isa = PBXFileReference; fileEncoding = 4; lastKnownFileType = sourcecode.swift; path = PowerOutageTableViewCell.swift; sourceTree = "<group>"; };
		909278961ED6F61400B1CC7D /* RecentBillsTotalAmountTableViewCell.swift */ = {isa = PBXFileReference; fileEncoding = 4; lastKnownFileType = sourcecode.swift; path = RecentBillsTotalAmountTableViewCell.swift; sourceTree = "<group>"; };
		909278971ED6F61400B1CC7D /* SignupServicesTableViewCell.swift */ = {isa = PBXFileReference; fileEncoding = 4; lastKnownFileType = sourcecode.swift; path = SignupServicesTableViewCell.swift; sourceTree = "<group>"; };
		909278991ED6F61400B1CC7D /* BillDetailViewController.swift */ = {isa = PBXFileReference; fileEncoding = 4; lastKnownFileType = sourcecode.swift; path = BillDetailViewController.swift; sourceTree = "<group>"; };
		9092789A1ED6F61400B1CC7D /* ComplaintsViewController.swift */ = {isa = PBXFileReference; fileEncoding = 4; lastKnownFileType = sourcecode.swift; path = ComplaintsViewController.swift; sourceTree = "<group>"; };
		9092789B1ED6F61400B1CC7D /* CustomAlertViewController.swift */ = {isa = PBXFileReference; fileEncoding = 4; lastKnownFileType = sourcecode.swift; path = CustomAlertViewController.swift; sourceTree = "<group>"; };
		9092789C1ED6F61400B1CC7D /* DetailsViewController.swift */ = {isa = PBXFileReference; fileEncoding = 4; lastKnownFileType = sourcecode.swift; path = DetailsViewController.swift; sourceTree = "<group>"; };
		9092789D1ED6F61400B1CC7D /* LoginViewController.swift */ = {isa = PBXFileReference; fileEncoding = 4; lastKnownFileType = sourcecode.swift; path = LoginViewController.swift; sourceTree = "<group>"; };
		9092789E1ED6F61400B1CC7D /* MapViewController.swift */ = {isa = PBXFileReference; fileEncoding = 4; lastKnownFileType = sourcecode.swift; path = MapViewController.swift; sourceTree = "<group>"; };
		9092789F1ED6F61400B1CC7D /* PayForAnotherTableViewController.swift */ = {isa = PBXFileReference; fileEncoding = 4; lastKnownFileType = sourcecode.swift; path = PayForAnotherTableViewController.swift; sourceTree = "<group>"; };
		909278A01ED6F61400B1CC7D /* RecentBillsTableViewController.swift */ = {isa = PBXFileReference; fileEncoding = 4; lastKnownFileType = sourcecode.swift; path = RecentBillsTableViewController.swift; sourceTree = "<group>"; };
		909278A11ED6F61400B1CC7D /* ReportIssueViewController.swift */ = {isa = PBXFileReference; fileEncoding = 4; lastKnownFileType = sourcecode.swift; path = ReportIssueViewController.swift; sourceTree = "<group>"; };
		909278A21ED6F61400B1CC7D /* SignupAddressServicesViewController.swift */ = {isa = PBXFileReference; fileEncoding = 4; lastKnownFileType = sourcecode.swift; path = SignupAddressServicesViewController.swift; sourceTree = "<group>"; };
		909278A31ED6F61400B1CC7D /* SignUpAddressViewController.swift */ = {isa = PBXFileReference; fileEncoding = 4; lastKnownFileType = sourcecode.swift; path = SignUpAddressViewController.swift; sourceTree = "<group>"; };
		909278A41ED6F61400B1CC7D /* SignUpIntroViewController.swift */ = {isa = PBXFileReference; fileEncoding = 4; lastKnownFileType = sourcecode.swift; path = SignUpIntroViewController.swift; sourceTree = "<group>"; };
		909278A51ED6F61400B1CC7D /* SignUpPasswordViewController.swift */ = {isa = PBXFileReference; fileEncoding = 4; lastKnownFileType = sourcecode.swift; path = SignUpPasswordViewController.swift; sourceTree = "<group>"; };
		909278A61ED6F61400B1CC7D /* SignUpPersonalDetailsViewController.swift */ = {isa = PBXFileReference; fileEncoding = 4; lastKnownFileType = sourcecode.swift; path = SignUpPersonalDetailsViewController.swift; sourceTree = "<group>"; };
		909278A71ED6F61400B1CC7D /* TabBarViewController.swift */ = {isa = PBXFileReference; fileEncoding = 4; lastKnownFileType = sourcecode.swift; path = TabBarViewController.swift; sourceTree = "<group>"; };
		90D88FB21EEA8C5D00064AF6 /* LoadingViewController.swift */ = {isa = PBXFileReference; fileEncoding = 4; lastKnownFileType = sourcecode.swift; path = LoadingViewController.swift; sourceTree = "<group>"; };
		90D94CD51EE6B22E007F05C2 /* Outage.swift */ = {isa = PBXFileReference; fileEncoding = 4; lastKnownFileType = sourcecode.swift; path = Outage.swift; sourceTree = "<group>"; };
		90D94CD91EE7F597007F05C2 /* NSdate.swift */ = {isa = PBXFileReference; fileEncoding = 4; lastKnownFileType = sourcecode.swift; path = NSdate.swift; sourceTree = "<group>"; };
		90D94CDB1EE7F5FB007F05C2 /* String.swift */ = {isa = PBXFileReference; fileEncoding = 4; lastKnownFileType = sourcecode.swift; path = String.swift; sourceTree = "<group>"; };
		90D94CDD1EE804E6007F05C2 /* Utils.swift */ = {isa = PBXFileReference; fileEncoding = 4; lastKnownFileType = sourcecode.swift; path = Utils.swift; sourceTree = "<group>"; };
/* End PBXFileReference section */

/* Begin PBXFrameworksBuildPhase section */
		4649750C1EAF2375005CFE24 /* Frameworks */ = {
			isa = PBXFrameworksBuildPhase;
			buildActionMask = 2147483647;
			files = (
				467D214A1EB204A00064EFBF /* CoreLocation.framework in Frameworks */,
			);
			runOnlyForDeploymentPostprocessing = 0;
		};
/* End PBXFrameworksBuildPhase section */

/* Begin PBXGroup section */
		464975061EAF2375005CFE24 = {
			isa = PBXGroup;
			children = (
				464975111EAF2375005CFE24 /* Util POC */,
				464975101EAF2375005CFE24 /* Products */,
				467D21481EB204A00064EFBF /* Frameworks */,
			);
			sourceTree = "<group>";
		};
		464975101EAF2375005CFE24 /* Products */ = {
			isa = PBXGroup;
			children = (
				4649750F1EAF2375005CFE24 /* Util POC.app */,
			);
			name = Products;
			sourceTree = "<group>";
		};
		464975111EAF2375005CFE24 /* Util POC */ = {
			isa = PBXGroup;
			children = (
				9092786D1ED6F61400B1CC7D /* AppSpecific */,
				9092786F1ED6F61400B1CC7D /* Extensions */,
				909278781ED6F61400B1CC7D /* Resources */,
				9077E0331ED7EA68001693D9 /* Models */,
				9092788C1ED6F61400B1CC7D /* Storyboards */,
				9092788F1ED6F61400B1CC7D /* TableCells */,
				909278981ED6F61400B1CC7D /* ViewControllers */,
				9077E03F1ED837E1001693D9 /* WebService */,
				9077E03A1ED7FCB5001693D9 /* Helpers */,
				464975191EAF2375005CFE24 /* Assets.xcassets */,
				4649751E1EAF2375005CFE24 /* Info.plist */,
			);
			path = "Util POC";
			sourceTree = "<group>";
		};
		467D21481EB204A00064EFBF /* Frameworks */ = {
			isa = PBXGroup;
			children = (
				467D21491EB204A00064EFBF /* CoreLocation.framework */,
			);
			name = Frameworks;
			sourceTree = "<group>";
		};
		9077E0331ED7EA68001693D9 /* Models */ = {
			isa = PBXGroup;
			children = (
				9077E0341ED7EA68001693D9 /* Bill.swift */,
				9077E0351ED7EA68001693D9 /* Issue.swift */,
				9077E0361ED7EA68001693D9 /* Service.swift */,
				9077E03D1ED7FD37001693D9 /* Task.swift */,
				90D94CD51EE6B22E007F05C2 /* Outage.swift */,
				9013B7901EF125FB00EEBD8D /* AccountDetails.swift */,
			);
			path = Models;
			sourceTree = "<group>";
		};
		9077E03A1ED7FCB5001693D9 /* Helpers */ = {
			isa = PBXGroup;
			children = (
				9077E03B1ED7FD10001693D9 /* NetworkManager.swift */,
				90D94CDD1EE804E6007F05C2 /* Utils.swift */,
				9021788D1F051D5700EA46BE /* URLConstants.swift */,
			);
			path = Helpers;
			sourceTree = "<group>";
		};
		9077E03F1ED837E1001693D9 /* WebService */ = {
			isa = PBXGroup;
			children = (
				9077E0401ED83820001693D9 /* OutageHistoryService.swift */,
				9077E0651EE02258001693D9 /* CreateIssueService.swift */,
				9013B78C1EEFDD6F00EEBD8D /* AccountDetailsService.swift */,
				9013B78E1EEFECCE00EEBD8D /* ReverseGeocode.swift */,
				9063CA7A1F03FF730060F08B /* AuthenticationService.swift */,
			);
			path = WebService;
			sourceTree = "<group>";
		};
		9092786D1ED6F61400B1CC7D /* AppSpecific */ = {
			isa = PBXGroup;
			children = (
				9092786E1ED6F61400B1CC7D /* AppDelegate.swift */,
			);
			path = AppSpecific;
			sourceTree = "<group>";
		};
		9092786F1ED6F61400B1CC7D /* Extensions */ = {
			isa = PBXGroup;
			children = (
				909278701ED6F61400B1CC7D /* UIColor.swift */,
				909278711ED6F61400B1CC7D /* UINavigationItem.swift */,
				909278721ED6F61400B1CC7D /* UITextField.swift */,
				909278731ED6F61400B1CC7D /* UIView.swift */,
				9077E0631EE01574001693D9 /* URLRequest.swift */,
				90D94CD91EE7F597007F05C2 /* NSdate.swift */,
				90D94CDB1EE7F5FB007F05C2 /* String.swift */,
			);
			path = Extensions;
			sourceTree = "<group>";
		};
		909278781ED6F61400B1CC7D /* Resources */ = {
			isa = PBXGroup;
			children = (
				909278791ED6F61400B1CC7D /* Roboto-ttf */,
			);
			path = Resources;
			sourceTree = "<group>";
		};
		909278791ED6F61400B1CC7D /* Roboto-ttf */ = {
			isa = PBXGroup;
			children = (
				9092787A1ED6F61400B1CC7D /* Roboto-Black.ttf */,
				9092787B1ED6F61400B1CC7D /* Roboto-BlackItalic.ttf */,
				9092787C1ED6F61400B1CC7D /* Roboto-Bold.ttf */,
				9092787D1ED6F61400B1CC7D /* Roboto-BoldItalic.ttf */,
				9092787E1ED6F61400B1CC7D /* Roboto-Italic.ttf */,
				9092787F1ED6F61400B1CC7D /* Roboto-Light.ttf */,
				909278801ED6F61400B1CC7D /* Roboto-LightItalic.ttf */,
				909278811ED6F61400B1CC7D /* Roboto-Medium.ttf */,
				909278821ED6F61400B1CC7D /* Roboto-MediumItalic.ttf */,
				909278831ED6F61400B1CC7D /* Roboto-Regular.ttf */,
				909278841ED6F61400B1CC7D /* Roboto-Thin.ttf */,
				909278851ED6F61400B1CC7D /* Roboto-ThinItalic.ttf */,
				909278861ED6F61400B1CC7D /* RobotoCondensed-Bold.ttf */,
				909278871ED6F61400B1CC7D /* RobotoCondensed-BoldItalic.ttf */,
				909278881ED6F61400B1CC7D /* RobotoCondensed-Italic.ttf */,
				909278891ED6F61400B1CC7D /* RobotoCondensed-Light.ttf */,
				9092788A1ED6F61400B1CC7D /* RobotoCondensed-LightItalic.ttf */,
				9092788B1ED6F61400B1CC7D /* RobotoCondensed-Regular.ttf */,
			);
			path = "Roboto-ttf";
			sourceTree = "<group>";
		};
		9092788C1ED6F61400B1CC7D /* Storyboards */ = {
			isa = PBXGroup;
			children = (
				9077E02F1ED7E912001693D9 /* LaunchScreen.storyboard */,
				9077E0301ED7E912001693D9 /* Main.storyboard */,
				9092788D1ED6F61400B1CC7D /* Generic.storyboard */,
				9092788E1ED6F61400B1CC7D /* SignUp.storyboard */,
			);
			path = Storyboards;
			sourceTree = "<group>";
		};
		9092788F1ED6F61400B1CC7D /* TableCells */ = {
			isa = PBXGroup;
			children = (
				909278901ED6F61400B1CC7D /* BillAddressDetailslTableViewCell.swift */,
				909278911ED6F61400B1CC7D /* BillRowAddressTableViewCell.swift */,
				909278921ED6F61400B1CC7D /* BillTableViewCell.swift */,
				909278931ED6F61400B1CC7D /* ConsumptionTableViewCell.swift */,
				909278941ED6F61400B1CC7D /* PlanDetailsTableViewCell.swift */,
				909278951ED6F61400B1CC7D /* PowerOutageTableViewCell.swift */,
				909278961ED6F61400B1CC7D /* RecentBillsTotalAmountTableViewCell.swift */,
				909278971ED6F61400B1CC7D /* SignupServicesTableViewCell.swift */,
			);
			path = TableCells;
			sourceTree = "<group>";
		};
		909278981ED6F61400B1CC7D /* ViewControllers */ = {
			isa = PBXGroup;
			children = (
				909278991ED6F61400B1CC7D /* BillDetailViewController.swift */,
				9092789A1ED6F61400B1CC7D /* ComplaintsViewController.swift */,
				9092789B1ED6F61400B1CC7D /* CustomAlertViewController.swift */,
				9092789C1ED6F61400B1CC7D /* DetailsViewController.swift */,
				9092789D1ED6F61400B1CC7D /* LoginViewController.swift */,
				9092789E1ED6F61400B1CC7D /* MapViewController.swift */,
				9092789F1ED6F61400B1CC7D /* PayForAnotherTableViewController.swift */,
				909278A01ED6F61400B1CC7D /* RecentBillsTableViewController.swift */,
				909278A11ED6F61400B1CC7D /* ReportIssueViewController.swift */,
				909278A21ED6F61400B1CC7D /* SignupAddressServicesViewController.swift */,
				909278A31ED6F61400B1CC7D /* SignUpAddressViewController.swift */,
				909278A41ED6F61400B1CC7D /* SignUpIntroViewController.swift */,
				909278A51ED6F61400B1CC7D /* SignUpPasswordViewController.swift */,
				909278A61ED6F61400B1CC7D /* SignUpPersonalDetailsViewController.swift */,
				909278A71ED6F61400B1CC7D /* TabBarViewController.swift */,
				90D88FB21EEA8C5D00064AF6 /* LoadingViewController.swift */,
			);
			path = ViewControllers;
			sourceTree = "<group>";
		};
/* End PBXGroup section */

/* Begin PBXNativeTarget section */
		4649750E1EAF2375005CFE24 /* Util POC */ = {
			isa = PBXNativeTarget;
			buildConfigurationList = 464975211EAF2375005CFE24 /* Build configuration list for PBXNativeTarget "Util POC" */;
			buildPhases = (
				4649750B1EAF2375005CFE24 /* Sources */,
				4649750C1EAF2375005CFE24 /* Frameworks */,
				4649750D1EAF2375005CFE24 /* Resources */,
			);
			buildRules = (
			);
			dependencies = (
			);
			name = "Util POC";
			productName = "Util POC";
			productReference = 4649750F1EAF2375005CFE24 /* Util POC.app */;
			productType = "com.apple.product-type.application";
		};
/* End PBXNativeTarget section */

/* Begin PBXProject section */
		464975071EAF2375005CFE24 /* Project object */ = {
			isa = PBXProject;
			attributes = {
				LastSwiftUpdateCheck = 0830;
				LastUpgradeCheck = 0830;
				ORGANIZATIONNAME = "Sridhar, Swaroop (US - Bengaluru)";
				TargetAttributes = {
					4649750E1EAF2375005CFE24 = {
						CreatedOnToolsVersion = 8.3.2;
						DevelopmentTeam = 6LJ9Y6X5NU;
						ProvisioningStyle = Manual;
					};
				};
			};
			buildConfigurationList = 4649750A1EAF2375005CFE24 /* Build configuration list for PBXProject "Util POC" */;
			compatibilityVersion = "Xcode 3.2";
			developmentRegion = English;
			hasScannedForEncodings = 0;
			knownRegions = (
				en,
				Base,
			);
			mainGroup = 464975061EAF2375005CFE24;
			productRefGroup = 464975101EAF2375005CFE24 /* Products */;
			projectDirPath = "";
			projectRoot = "";
			targets = (
				4649750E1EAF2375005CFE24 /* Util POC */,
			);
		};
/* End PBXProject section */

/* Begin PBXResourcesBuildPhase section */
		4649750D1EAF2375005CFE24 /* Resources */ = {
			isa = PBXResourcesBuildPhase;
			buildActionMask = 2147483647;
			files = (
				909278BB1ED6F61400B1CC7D /* Roboto-ThinItalic.ttf in Resources */,
				909278BA1ED6F61400B1CC7D /* Roboto-Thin.ttf in Resources */,
				909278C01ED6F61400B1CC7D /* RobotoCondensed-LightItalic.ttf in Resources */,
				4649751A1EAF2375005CFE24 /* Assets.xcassets in Resources */,
				909278BD1ED6F61400B1CC7D /* RobotoCondensed-BoldItalic.ttf in Resources */,
				909278BE1ED6F61400B1CC7D /* RobotoCondensed-Italic.ttf in Resources */,
				909278B61ED6F61400B1CC7D /* Roboto-LightItalic.ttf in Resources */,
				909278B21ED6F61400B1CC7D /* Roboto-Bold.ttf in Resources */,
				909278C11ED6F61400B1CC7D /* RobotoCondensed-Regular.ttf in Resources */,
				9077E0311ED7E912001693D9 /* LaunchScreen.storyboard in Resources */,
				909278BF1ED6F61400B1CC7D /* RobotoCondensed-Light.ttf in Resources */,
				909278B81ED6F61400B1CC7D /* Roboto-MediumItalic.ttf in Resources */,
				9077E0321ED7E912001693D9 /* Main.storyboard in Resources */,
				909278B11ED6F61400B1CC7D /* Roboto-BlackItalic.ttf in Resources */,
				909278C21ED6F61400B1CC7D /* Generic.storyboard in Resources */,
				909278B41ED6F61400B1CC7D /* Roboto-Italic.ttf in Resources */,
				909278BC1ED6F61400B1CC7D /* RobotoCondensed-Bold.ttf in Resources */,
				909278B31ED6F61400B1CC7D /* Roboto-BoldItalic.ttf in Resources */,
				909278C31ED6F61400B1CC7D /* SignUp.storyboard in Resources */,
				909278B71ED6F61400B1CC7D /* Roboto-Medium.ttf in Resources */,
				909278B91ED6F61400B1CC7D /* Roboto-Regular.ttf in Resources */,
				909278B01ED6F61400B1CC7D /* Roboto-Black.ttf in Resources */,
				909278B51ED6F61400B1CC7D /* Roboto-Light.ttf in Resources */,
			);
			runOnlyForDeploymentPostprocessing = 0;
		};
/* End PBXResourcesBuildPhase section */

/* Begin PBXSourcesBuildPhase section */
		4649750B1EAF2375005CFE24 /* Sources */ = {
			isa = PBXSourcesBuildPhase;
			buildActionMask = 2147483647;
			files = (
				909278D81ED6F61400B1CC7D /* SignUpPasswordViewController.swift in Sources */,
				9077E0661EE02258001693D9 /* CreateIssueService.swift in Sources */,
				9013B78F1EEFECCE00EEBD8D /* ReverseGeocode.swift in Sources */,
				909278D61ED6F61400B1CC7D /* SignUpAddressViewController.swift in Sources */,
				909278D01ED6F61400B1CC7D /* LoginViewController.swift in Sources */,
				909278AC1ED6F61400B1CC7D /* UIView.swift in Sources */,
				9013B7911EF125FB00EEBD8D /* AccountDetails.swift in Sources */,
				9077E03E1ED7FD37001693D9 /* Task.swift in Sources */,
				909278CE1ED6F61400B1CC7D /* CustomAlertViewController.swift in Sources */,
				9077E0381ED7EA68001693D9 /* Issue.swift in Sources */,
				909278C41ED6F61400B1CC7D /* BillAddressDetailslTableViewCell.swift in Sources */,
				909278D31ED6F61400B1CC7D /* RecentBillsTableViewController.swift in Sources */,
				909278D71ED6F61400B1CC7D /* SignUpIntroViewController.swift in Sources */,
				9077E0371ED7EA68001693D9 /* Bill.swift in Sources */,
				909278D41ED6F61400B1CC7D /* ReportIssueViewController.swift in Sources */,
				909278CD1ED6F61400B1CC7D /* ComplaintsViewController.swift in Sources */,
				90D94CDA1EE7F597007F05C2 /* NSdate.swift in Sources */,
				9021788E1F051D5700EA46BE /* URLConstants.swift in Sources */,
				90D94CDE1EE804E6007F05C2 /* Utils.swift in Sources */,
				9077E0411ED83820001693D9 /* OutageHistoryService.swift in Sources */,
				909278C61ED6F61400B1CC7D /* BillTableViewCell.swift in Sources */,
				9077E0391ED7EA68001693D9 /* Service.swift in Sources */,
				909278D21ED6F61400B1CC7D /* PayForAnotherTableViewController.swift in Sources */,
				909278AA1ED6F61400B1CC7D /* UINavigationItem.swift in Sources */,
				909278A81ED6F61400B1CC7D /* AppDelegate.swift in Sources */,
				909278C71ED6F61400B1CC7D /* ConsumptionTableViewCell.swift in Sources */,
				909278D11ED6F61400B1CC7D /* MapViewController.swift in Sources */,
				909278C91ED6F61400B1CC7D /* PowerOutageTableViewCell.swift in Sources */,
				9077E03C1ED7FD10001693D9 /* NetworkManager.swift in Sources */,
				909278D91ED6F61400B1CC7D /* SignUpPersonalDetailsViewController.swift in Sources */,
				909278C51ED6F61400B1CC7D /* BillRowAddressTableViewCell.swift in Sources */,
				90D94CDC1EE7F5FB007F05C2 /* String.swift in Sources */,
				909278A91ED6F61400B1CC7D /* UIColor.swift in Sources */,
				909278CB1ED6F61400B1CC7D /* SignupServicesTableViewCell.swift in Sources */,
				90D94CD61EE6B22E007F05C2 /* Outage.swift in Sources */,
				909278CA1ED6F61400B1CC7D /* RecentBillsTotalAmountTableViewCell.swift in Sources */,
				909278C81ED6F61400B1CC7D /* PlanDetailsTableViewCell.swift in Sources */,
				9077E0641EE01574001693D9 /* URLRequest.swift in Sources */,
				909278AB1ED6F61400B1CC7D /* UITextField.swift in Sources */,
				9013B78D1EEFDD6F00EEBD8D /* AccountDetailsService.swift in Sources */,
				9063CA7B1F03FF730060F08B /* AuthenticationService.swift in Sources */,
				909278D51ED6F61400B1CC7D /* SignupAddressServicesViewController.swift in Sources */,
				909278CC1ED6F61400B1CC7D /* BillDetailViewController.swift in Sources */,
				909278CF1ED6F61400B1CC7D /* DetailsViewController.swift in Sources */,
				90D88FB31EEA8C5D00064AF6 /* LoadingViewController.swift in Sources */,
				909278DA1ED6F61400B1CC7D /* TabBarViewController.swift in Sources */,
			);
			runOnlyForDeploymentPostprocessing = 0;
		};
/* End PBXSourcesBuildPhase section */

/* Begin XCBuildConfiguration section */
		4649751F1EAF2375005CFE24 /* Debug */ = {
			isa = XCBuildConfiguration;
			buildSettings = {
				ALWAYS_SEARCH_USER_PATHS = NO;
				CLANG_ANALYZER_NONNULL = YES;
				CLANG_ANALYZER_NUMBER_OBJECT_CONVERSION = YES_AGGRESSIVE;
				CLANG_CXX_LANGUAGE_STANDARD = "gnu++0x";
				CLANG_CXX_LIBRARY = "libc++";
				CLANG_ENABLE_MODULES = YES;
				CLANG_ENABLE_OBJC_ARC = YES;
				CLANG_WARN_BOOL_CONVERSION = YES;
				CLANG_WARN_CONSTANT_CONVERSION = YES;
				CLANG_WARN_DIRECT_OBJC_ISA_USAGE = YES_ERROR;
				CLANG_WARN_DOCUMENTATION_COMMENTS = YES;
				CLANG_WARN_EMPTY_BODY = YES;
				CLANG_WARN_ENUM_CONVERSION = YES;
				CLANG_WARN_INFINITE_RECURSION = YES;
				CLANG_WARN_INT_CONVERSION = YES;
				CLANG_WARN_OBJC_ROOT_CLASS = YES_ERROR;
				CLANG_WARN_SUSPICIOUS_MOVE = YES;
				CLANG_WARN_UNREACHABLE_CODE = YES;
				CLANG_WARN__DUPLICATE_METHOD_MATCH = YES;
				"CODE_SIGN_IDENTITY[sdk=iphoneos*]" = "iPhone Developer";
				COPY_PHASE_STRIP = NO;
				DEBUG_INFORMATION_FORMAT = dwarf;
				ENABLE_STRICT_OBJC_MSGSEND = YES;
				ENABLE_TESTABILITY = YES;
				GCC_C_LANGUAGE_STANDARD = gnu99;
				GCC_DYNAMIC_NO_PIC = NO;
				GCC_NO_COMMON_BLOCKS = YES;
				GCC_OPTIMIZATION_LEVEL = 0;
				GCC_PREPROCESSOR_DEFINITIONS = (
					"DEBUG=1",
					"$(inherited)",
				);
				GCC_WARN_64_TO_32_BIT_CONVERSION = YES;
				GCC_WARN_ABOUT_RETURN_TYPE = YES_ERROR;
				GCC_WARN_UNDECLARED_SELECTOR = YES;
				GCC_WARN_UNINITIALIZED_AUTOS = YES_AGGRESSIVE;
				GCC_WARN_UNUSED_FUNCTION = YES;
				GCC_WARN_UNUSED_VARIABLE = YES;
				IPHONEOS_DEPLOYMENT_TARGET = 10.2;
				MTL_ENABLE_DEBUG_INFO = YES;
				ONLY_ACTIVE_ARCH = YES;
				SDKROOT = iphoneos;
				SWIFT_ACTIVE_COMPILATION_CONDITIONS = DEBUG;
				SWIFT_OPTIMIZATION_LEVEL = "-Onone";
			};
			name = Debug;
		};
		464975201EAF2375005CFE24 /* Release */ = {
			isa = XCBuildConfiguration;
			buildSettings = {
				ALWAYS_SEARCH_USER_PATHS = NO;
				CLANG_ANALYZER_NONNULL = YES;
				CLANG_ANALYZER_NUMBER_OBJECT_CONVERSION = YES_AGGRESSIVE;
				CLANG_CXX_LANGUAGE_STANDARD = "gnu++0x";
				CLANG_CXX_LIBRARY = "libc++";
				CLANG_ENABLE_MODULES = YES;
				CLANG_ENABLE_OBJC_ARC = YES;
				CLANG_WARN_BOOL_CONVERSION = YES;
				CLANG_WARN_CONSTANT_CONVERSION = YES;
				CLANG_WARN_DIRECT_OBJC_ISA_USAGE = YES_ERROR;
				CLANG_WARN_DOCUMENTATION_COMMENTS = YES;
				CLANG_WARN_EMPTY_BODY = YES;
				CLANG_WARN_ENUM_CONVERSION = YES;
				CLANG_WARN_INFINITE_RECURSION = YES;
				CLANG_WARN_INT_CONVERSION = YES;
				CLANG_WARN_OBJC_ROOT_CLASS = YES_ERROR;
				CLANG_WARN_SUSPICIOUS_MOVE = YES;
				CLANG_WARN_UNREACHABLE_CODE = YES;
				CLANG_WARN__DUPLICATE_METHOD_MATCH = YES;
				"CODE_SIGN_IDENTITY[sdk=iphoneos*]" = "iPhone Developer";
				COPY_PHASE_STRIP = NO;
				DEBUG_INFORMATION_FORMAT = "dwarf-with-dsym";
				ENABLE_NS_ASSERTIONS = NO;
				ENABLE_STRICT_OBJC_MSGSEND = YES;
				GCC_C_LANGUAGE_STANDARD = gnu99;
				GCC_NO_COMMON_BLOCKS = YES;
				GCC_WARN_64_TO_32_BIT_CONVERSION = YES;
				GCC_WARN_ABOUT_RETURN_TYPE = YES_ERROR;
				GCC_WARN_UNDECLARED_SELECTOR = YES;
				GCC_WARN_UNINITIALIZED_AUTOS = YES_AGGRESSIVE;
				GCC_WARN_UNUSED_FUNCTION = YES;
				GCC_WARN_UNUSED_VARIABLE = YES;
				IPHONEOS_DEPLOYMENT_TARGET = 10.2;
				MTL_ENABLE_DEBUG_INFO = NO;
				SDKROOT = iphoneos;
				SWIFT_OPTIMIZATION_LEVEL = "-Owholemodule";
				VALIDATE_PRODUCT = YES;
			};
			name = Release;
		};
		464975221EAF2375005CFE24 /* Debug */ = {
			isa = XCBuildConfiguration;
			buildSettings = {
				ASSETCATALOG_COMPILER_APPICON_NAME = AppIcon;
				"CODE_SIGN_IDENTITY[sdk=iphoneos*]" = "iPhone Developer";
				DEVELOPMENT_TEAM = 6LJ9Y6X5NU;
				INFOPLIST_FILE = "Util POC/Info.plist";
				IPHONEOS_DEPLOYMENT_TARGET = 10.0;
				LD_RUNPATH_SEARCH_PATHS = "$(inherited) @executable_path/Frameworks";
				PRODUCT_BUNDLE_IDENTIFIER = com.deloitte.util;
				PRODUCT_NAME = "$(TARGET_NAME)";
				PROVISIONING_PROFILE = "2e5171f6-0bd7-4e22-b4bb-1198f5f7d375";
				PROVISIONING_PROFILE_SPECIFIER = "UTIL profile";
				SWIFT_VERSION = 3.0;
			};
			name = Debug;
		};
		464975231EAF2375005CFE24 /* Release */ = {
			isa = XCBuildConfiguration;
			buildSettings = {
				ASSETCATALOG_COMPILER_APPICON_NAME = AppIcon;
				"CODE_SIGN_IDENTITY[sdk=iphoneos*]" = "iPhone Developer";
				DEVELOPMENT_TEAM = 6LJ9Y6X5NU;
				INFOPLIST_FILE = "Util POC/Info.plist";
				IPHONEOS_DEPLOYMENT_TARGET = 10.0;
				LD_RUNPATH_SEARCH_PATHS = "$(inherited) @executable_path/Frameworks";
				PRODUCT_BUNDLE_IDENTIFIER = com.deloitte.util;
				PRODUCT_NAME = "$(TARGET_NAME)";
				PROVISIONING_PROFILE = "2e5171f6-0bd7-4e22-b4bb-1198f5f7d375";
				PROVISIONING_PROFILE_SPECIFIER = "UTIL profile";
				SWIFT_VERSION = 3.0;
			};
			name = Release;
		};
/* End XCBuildConfiguration section */

/* Begin XCConfigurationList section */
		4649750A1EAF2375005CFE24 /* Build configuration list for PBXProject "Util POC" */ = {
			isa = XCConfigurationList;
			buildConfigurations = (
				4649751F1EAF2375005CFE24 /* Debug */,
				464975201EAF2375005CFE24 /* Release */,
			);
			defaultConfigurationIsVisible = 0;
			defaultConfigurationName = Release;
		};
		464975211EAF2375005CFE24 /* Build configuration list for PBXNativeTarget "Util POC" */ = {
			isa = XCConfigurationList;
			buildConfigurations = (
				464975221EAF2375005CFE24 /* Debug */,
				464975231EAF2375005CFE24 /* Release */,
			);
			defaultConfigurationIsVisible = 0;
			defaultConfigurationName = Release;
		};
/* End XCConfigurationList section */
	};
	rootObject = 464975071EAF2375005CFE24 /* Project object */;
}
